// !$*UTF8*$!
{
	archiveVersion = 1;
	classes = {
	};
	objectVersion = 46;
	objects = {

/* Begin PBXBuildFile section */
		79EEB0C414D380B8004789A4 /* Foundation.framework in Frameworks */ = {isa = PBXBuildFile; fileRef = 79EEB0C314D380B8004789A4 /* Foundation.framework */; };
		79EEB0C714D380B8004789A4 /* main.m in Sources */ = {isa = PBXBuildFile; fileRef = 79EEB0C614D380B8004789A4 /* main.m */; };
		79EEB0CB14D380B8004789A4 /* Factorial.1 in CopyFiles */ = {isa = PBXBuildFile; fileRef = 79EEB0CA14D380B8004789A4 /* Factorial.1 */; };
/* End PBXBuildFile section */

/* Begin PBXCopyFilesBuildPhase section */
		79EEB0BD14D380B8004789A4 /* CopyFiles */ = {
			isa = PBXCopyFilesBuildPhase;
			buildActionMask = 2147483647;
			dstPath = /usr/share/man/man1/;
			dstSubfolderSpec = 0;
			files = (
				79EEB0CB14D380B8004789A4 /* Factorial.1 in CopyFiles */,
			);
			runOnlyForDeploymentPostprocessing = 1;
		};
/* End PBXCopyFilesBuildPhase section */

/* Begin PBXFileReference section */
		79EEB0BF14D380B8004789A4 /* Factorial */ = {isa = PBXFileReference; explicitFileType = "compiled.mach-o.executable"; includeInIndex = 0; path = Factorial; sourceTree = BUILT_PRODUCTS_DIR; };
		79EEB0C314D380B8004789A4 /* Foundation.framework */ = {isa = PBXFileReference; lastKnownFileType = wrapper.framework; name = Foundation.framework; path = System/Library/Frameworks/Foundation.framework; sourceTree = SDKROOT; };
		79EEB0C614D380B8004789A4 /* main.m */ = {isa = PBXFileReference; lastKnownFileType = sourcecode.c.objc; path = main.m; sourceTree = "<group>"; };
		79EEB0C914D380B8004789A4 /* Factorial-Prefix.pch */ = {isa = PBXFileReference; lastKnownFileType = sourcecode.c.h; path = "Factorial-Prefix.pch"; sourceTree = "<group>"; };
		79EEB0CA14D380B8004789A4 /* Factorial.1 */ = {isa = PBXFileReference; lastKnownFileType = text.man; path = Factorial.1; sourceTree = "<group>"; };
/* End PBXFileReference section */

/* Begin PBXFrameworksBuildPhase section */
		79EEB0BC14D380B8004789A4 /* Frameworks */ = {
			isa = PBXFrameworksBuildPhase;
			buildActionMask = 2147483647;
			files = (
				79EEB0C414D380B8004789A4 /* Foundation.framework in Frameworks */,
			);
			runOnlyForDeploymentPostprocessing = 0;
		};
/* End PBXFrameworksBuildPhase section */

/* Begin PBXGroup section */
		79EEB0B414D380B8004789A4 = {
			isa = PBXGroup;
			children = (
				79EEB0C514D380B8004789A4 /* Factorial */,
				79EEB0C214D380B8004789A4 /* Frameworks */,
				79EEB0C014D380B8004789A4 /* Products */,
			);
			sourceTree = "<group>";
		};
		79EEB0C014D380B8004789A4 /* Products */ = {
			isa = PBXGroup;
			children = (
				79EEB0BF14D380B8004789A4 /* Factorial */,
			);
			name = Products;
			sourceTree = "<group>";
		};
		79EEB0C214D380B8004789A4 /* Frameworks */ = {
			isa = PBXGroup;
			children = (
				79EEB0C314D380B8004789A4 /* Foundation.framework */,
			);
			name = Frameworks;
			sourceTree = "<group>";
		};
		79EEB0C514D380B8004789A4 /* Factorial */ = {
			isa = PBXGroup;
			children = (
				79EEB0C614D380B8004789A4 /* main.m */,
				79EEB0CA14D380B8004789A4 /* Factorial.1 */,
				79EEB0C814D380B8004789A4 /* Supporting Files */,
			);
			path = Factorial;
			sourceTree = "<group>";
		};
		79EEB0C814D380B8004789A4 /* Supporting Files */ = {
			isa = PBXGroup;
			children = (
				79EEB0C914D380B8004789A4 /* Factorial-Prefix.pch */,
			);
			name = "Supporting Files";
			sourceTree = "<group>";
		};
/* End PBXGroup section */

/* Begin PBXNativeTarget section */
		79EEB0BE14D380B8004789A4 /* Factorial */ = {
			isa = PBXNativeTarget;
			buildConfigurationList = 79EEB0CE14D380B8004789A4 /* Build configuration list for PBXNativeTarget "Factorial" */;
			buildPhases = (
				79EEB0BB14D380B8004789A4 /* Sources */,
				79EEB0BC14D380B8004789A4 /* Frameworks */,
				79EEB0BD14D380B8004789A4 /* CopyFiles */,
			);
			buildRules = (
			);
			dependencies = (
			);
			name = Factorial;
			productName = Factorial;
			productReference = 79EEB0BF14D380B8004789A4 /* Factorial */;
			productType = "com.apple.product-type.tool";
		};
/* End PBXNativeTarget section */

/* Begin PBXProject section */
		79EEB0B614D380B8004789A4 /* Project object */ = {
			isa = PBXProject;
			attributes = {
				LastUpgradeCheck = 0420;
				ORGANIZATIONNAME = Personal;
			};
			buildConfigurationList = 79EEB0B914D380B8004789A4 /* Build configuration list for PBXProject "Factorial" */;
			compatibilityVersion = "Xcode 3.2";
			developmentRegion = English;
			hasScannedForEncodings = 0;
			knownRegions = (
				en,
			);
			mainGroup = 79EEB0B414D380B8004789A4;
			productRefGroup = 79EEB0C014D380B8004789A4 /* Products */;
			projectDirPath = "";
			projectRoot = "";
			targets = (
				79EEB0BE14D380B8004789A4 /* Factorial */,
			);
		};
/* End PBXProject section */

/* Begin PBXSourcesBuildPhase section */
		79EEB0BB14D380B8004789A4 /* Sources */ = {
			isa = PBXSourcesBuildPhase;
			buildActionMask = 2147483647;
			files = (
				79EEB0C714D380B8004789A4 /* main.m in Sources */,
			);
			runOnlyForDeploymentPostprocessing = 0;
		};
/* End PBXSourcesBuildPhase section */

/* Begin XCBuildConfiguration section */
		79EEB0CC14D380B8004789A4 /* Debug */ = {
			isa = XCBuildConfiguration;
			buildSettings = {
				ALWAYS_SEARCH_USER_PATHS = NO;
				ARCHS = "$(ARCHS_STANDARD_64_BIT)";
				CLANG_ENABLE_OBJC_ARC = YES;
				COPY_PHASE_STRIP = NO;
				GCC_C_LANGUAGE_STANDARD = gnu99;
				GCC_DYNAMIC_NO_PIC = NO;
				GCC_ENABLE_OBJC_EXCEPTIONS = YES;
				GCC_OPTIMIZATION_LEVEL = 0;
				GCC_PREPROCESSOR_DEFINITIONS = (
					"DEBUG=1",
					"$(inherited)",
				);
				GCC_SYMBOLS_PRIVATE_EXTERN = NO;
				GCC_VERSION = com.apple.compilers.llvm.clang.1_0;
				GCC_WARN_64_TO_32_BIT_CONVERSION = YES;
				GCC_WARN_ABOUT_MISSING_PROTOTYPES = YES;
				GCC_WARN_ABOUT_RETURN_TYPE = YES;
				GCC_WARN_UNUSED_VARIABLE = YES;
				MACOSX_DEPLOYMENT_TARGET = 10.7;
				ONLY_ACTIVE_ARCH = YES;
				SDKROOT = macosx;
			};
			name = Debug;
		};
		79EEB0CD14D380B8004789A4 /* Release */ = {
			isa = XCBuildConfiguration;
			buildSettings = {
				ALWAYS_SEARCH_USER_PATHS = NO;
				ARCHS = "$(ARCHS_STANDARD_64_BIT)";
				CLANG_ENABLE_OBJC_ARC = YES;
				COPY_PHASE_STRIP = YES;
				DEBUG_INFORMATION_FORMAT = "dwarf-with-dsym";
				GCC_C_LANGUAGE_STANDARD = gnu99;
				GCC_ENABLE_OBJC_EXCEPTIONS = YES;
				GCC_VERSION = com.apple.compilers.llvm.clang.1_0;
				GCC_WARN_64_TO_32_BIT_CONVERSION = YES;
				GCC_WARN_ABOUT_MISSING_PROTOTYPES = YES;
				GCC_WARN_ABOUT_RETURN_TYPE = YES;
				GCC_WARN_UNUSED_VARIABLE = YES;
				MACOSX_DEPLOYMENT_TARGET = 10.7;
				SDKROOT = macosx;
			};
			name = Release;
		};
		79EEB0CF14D380B8004789A4 /* Debug */ = {
			isa = XCBuildConfiguration;
			buildSettings = {
				GCC_PRECOMPILE_PREFIX_HEADER = YES;
				GCC_PREFIX_HEADER = "Factorial/Factorial-Prefix.pch";
				PRODUCT_NAME = "$(TARGET_NAME)";
			};
			name = Debug;
		};
		79EEB0D014D380B8004789A4 /* Release */ = {
			isa = XCBuildConfiguration;
			buildSettings = {
				GCC_PRECOMPILE_PREFIX_HEADER = YES;
				GCC_PREFIX_HEADER = "Factorial/Factorial-Prefix.pch";
				PRODUCT_NAME = "$(TARGET_NAME)";
			};
			name = Release;
		};
/* End XCBuildConfiguration section */

/* Begin XCConfigurationList section */
		79EEB0B914D380B8004789A4 /* Build configuration list for PBXProject "Factorial" */ = {
			isa = XCConfigurationList;
			buildConfigurations = (
				79EEB0CC14D380B8004789A4 /* Debug */,
				79EEB0CD14D380B8004789A4 /* Release */,
			);
			defaultConfigurationIsVisible = 0;
			defaultConfigurationName = Release;
		};
		79EEB0CE14D380B8004789A4 /* Build configuration list for PBXNativeTarget "Factorial" */ = {
			isa = XCConfigurationList;
			buildConfigurations = (
				79EEB0CF14D380B8004789A4 /* Debug */,
				79EEB0D014D380B8004789A4 /* Release */,
			);
			defaultConfigurationIsVisible = 0;
		};
/* End XCConfigurationList section */
	};
	rootObject = 79EEB0B614D380B8004789A4 /* Project object */;
}
